// !$*UTF8*$!
{
	archiveVersion = 1;
	classes = {
	};
	objectVersion = 48;
	objects = {

/* Begin PBXBuildFile section */
		242F57AA202CCDB800060E9F /* CoinData.swift in Sources */ = {isa = PBXBuildFile; fileRef = 242F57A9202CCDB800060E9F /* CoinData.swift */; };
		2477CC6F1FFD5AD700F4C42C /* AppDelegate.swift in Sources */ = {isa = PBXBuildFile; fileRef = 2477CC6E1FFD5AD700F4C42C /* AppDelegate.swift */; };
		2477CC761FFD5AD700F4C42C /* Assets.xcassets in Resources */ = {isa = PBXBuildFile; fileRef = 2477CC751FFD5AD700F4C42C /* Assets.xcassets */; };
		2477CC791FFD5AD700F4C42C /* LaunchScreen.storyboard in Resources */ = {isa = PBXBuildFile; fileRef = 2477CC771FFD5AD700F4C42C /* LaunchScreen.storyboard */; };
		2477CC841FFD5AD800F4C42C /* cryptocurrency_appTests.swift in Sources */ = {isa = PBXBuildFile; fileRef = 2477CC831FFD5AD800F4C42C /* cryptocurrency_appTests.swift */; };
		2477CC8F1FFD5AD800F4C42C /* cryptocurrency_appUITests.swift in Sources */ = {isa = PBXBuildFile; fileRef = 2477CC8E1FFD5AD800F4C42C /* cryptocurrency_appUITests.swift */; };
		2477CC9F1FFD5DEE00F4C42C /* HomeScreenTableViewController.swift in Sources */ = {isa = PBXBuildFile; fileRef = 2477CC9E1FFD5DEE00F4C42C /* HomeScreenTableViewController.swift */; };
		2477CCA41FFD5EBC00F4C42C /* Coin.swift in Sources */ = {isa = PBXBuildFile; fileRef = 2477CCA31FFD5EBC00F4C42C /* Coin.swift */; };
		2477CCA71FFE7D5400F4C42C /* QueryService.swift in Sources */ = {isa = PBXBuildFile; fileRef = 2477CCA61FFE7D5400F4C42C /* QueryService.swift */; };
		2477CCA91FFE93D400F4C42C /* CoinCell.swift in Sources */ = {isa = PBXBuildFile; fileRef = 2477CCA81FFE93D400F4C42C /* CoinCell.swift */; };
		2477CCAB2004F06600F4C42C /* CoinViewController.swift in Sources */ = {isa = PBXBuildFile; fileRef = 2477CCAA2004F06600F4C42C /* CoinViewController.swift */; };
		24CC3FE02197DF8E00936986 /* UIImage+loadFromURL.swift in Sources */ = {isa = PBXBuildFile; fileRef = 24CC3FDF2197DF8E00936986 /* UIImage+loadFromURL.swift */; };
		5BA99C1554892DEB7085022D /* Pods_cryptocurrency_appTests.framework in Frameworks */ = {isa = PBXBuildFile; fileRef = D6DDB026DA2FAC83F63E5FC7 /* Pods_cryptocurrency_appTests.framework */; };
		A63E95288315F86DD60E6217 /* Pods_cryptocurrency_app.framework in Frameworks */ = {isa = PBXBuildFile; fileRef = 281DFC0EDF8BA42AC74D4A98 /* Pods_cryptocurrency_app.framework */; };
		F7FD4D5A68B437536FCF1E0F /* Pods_cryptocurrency_appUITests.framework in Frameworks */ = {isa = PBXBuildFile; fileRef = 62A0A7914A9180014A9234A9 /* Pods_cryptocurrency_appUITests.framework */; };
/* End PBXBuildFile section */

/* Begin PBXContainerItemProxy section */
		2477CC801FFD5AD800F4C42C /* PBXContainerItemProxy */ = {
			isa = PBXContainerItemProxy;
			containerPortal = 2477CC631FFD5AD700F4C42C /* Project object */;
			proxyType = 1;
			remoteGlobalIDString = 2477CC6A1FFD5AD700F4C42C;
			remoteInfo = "cryptocurrency app";
		};
		2477CC8B1FFD5AD800F4C42C /* PBXContainerItemProxy */ = {
			isa = PBXContainerItemProxy;
			containerPortal = 2477CC631FFD5AD700F4C42C /* Project object */;
			proxyType = 1;
			remoteGlobalIDString = 2477CC6A1FFD5AD700F4C42C;
			remoteInfo = "cryptocurrency app";
		};
/* End PBXContainerItemProxy section */

/* Begin PBXFileReference section */
		14B61A180E58DFFF2A6551A3 /* Pods-cryptocurrency app.release.xcconfig */ = {isa = PBXFileReference; includeInIndex = 1; lastKnownFileType = text.xcconfig; name = "Pods-cryptocurrency app.release.xcconfig"; path = "Pods/Target Support Files/Pods-cryptocurrency app/Pods-cryptocurrency app.release.xcconfig"; sourceTree = "<group>"; };
		242F57A9202CCDB800060E9F /* CoinData.swift */ = {isa = PBXFileReference; lastKnownFileType = sourcecode.swift; path = CoinData.swift; sourceTree = "<group>"; };
		2477CC6B1FFD5AD700F4C42C /* cryptocurrency app.app */ = {isa = PBXFileReference; explicitFileType = wrapper.application; includeInIndex = 0; path = "cryptocurrency app.app"; sourceTree = BUILT_PRODUCTS_DIR; };
		2477CC6E1FFD5AD700F4C42C /* AppDelegate.swift */ = {isa = PBXFileReference; lastKnownFileType = sourcecode.swift; path = AppDelegate.swift; sourceTree = "<group>"; };
		2477CC751FFD5AD700F4C42C /* Assets.xcassets */ = {isa = PBXFileReference; lastKnownFileType = folder.assetcatalog; path = Assets.xcassets; sourceTree = "<group>"; };
		2477CC781FFD5AD700F4C42C /* Base */ = {isa = PBXFileReference; lastKnownFileType = file.storyboard; name = Base; path = Base.lproj/LaunchScreen.storyboard; sourceTree = "<group>"; };
		2477CC7A1FFD5AD700F4C42C /* Info.plist */ = {isa = PBXFileReference; lastKnownFileType = text.plist.xml; path = Info.plist; sourceTree = "<group>"; };
		2477CC7F1FFD5AD800F4C42C /* cryptocurrency appTests.xctest */ = {isa = PBXFileReference; explicitFileType = wrapper.cfbundle; includeInIndex = 0; path = "cryptocurrency appTests.xctest"; sourceTree = BUILT_PRODUCTS_DIR; };
		2477CC831FFD5AD800F4C42C /* cryptocurrency_appTests.swift */ = {isa = PBXFileReference; lastKnownFileType = sourcecode.swift; path = cryptocurrency_appTests.swift; sourceTree = "<group>"; };
		2477CC851FFD5AD800F4C42C /* Info.plist */ = {isa = PBXFileReference; lastKnownFileType = text.plist.xml; path = Info.plist; sourceTree = "<group>"; };
		2477CC8A1FFD5AD800F4C42C /* cryptocurrency appUITests.xctest */ = {isa = PBXFileReference; explicitFileType = wrapper.cfbundle; includeInIndex = 0; path = "cryptocurrency appUITests.xctest"; sourceTree = BUILT_PRODUCTS_DIR; };
		2477CC8E1FFD5AD800F4C42C /* cryptocurrency_appUITests.swift */ = {isa = PBXFileReference; lastKnownFileType = sourcecode.swift; path = cryptocurrency_appUITests.swift; sourceTree = "<group>"; };
		2477CC901FFD5AD800F4C42C /* Info.plist */ = {isa = PBXFileReference; lastKnownFileType = text.plist.xml; path = Info.plist; sourceTree = "<group>"; };
		2477CC9E1FFD5DEE00F4C42C /* HomeScreenTableViewController.swift */ = {isa = PBXFileReference; lastKnownFileType = sourcecode.swift; path = HomeScreenTableViewController.swift; sourceTree = "<group>"; };
		2477CCA31FFD5EBC00F4C42C /* Coin.swift */ = {isa = PBXFileReference; lastKnownFileType = sourcecode.swift; path = Coin.swift; sourceTree = "<group>"; };
		2477CCA61FFE7D5400F4C42C /* QueryService.swift */ = {isa = PBXFileReference; lastKnownFileType = sourcecode.swift; path = QueryService.swift; sourceTree = "<group>"; };
		2477CCA81FFE93D400F4C42C /* CoinCell.swift */ = {isa = PBXFileReference; lastKnownFileType = sourcecode.swift; path = CoinCell.swift; sourceTree = "<group>"; };
		2477CCAA2004F06600F4C42C /* CoinViewController.swift */ = {isa = PBXFileReference; lastKnownFileType = sourcecode.swift; path = CoinViewController.swift; sourceTree = "<group>"; };
		24CC3FDF2197DF8E00936986 /* UIImage+loadFromURL.swift */ = {isa = PBXFileReference; lastKnownFileType = sourcecode.swift; path = "UIImage+loadFromURL.swift"; sourceTree = "<group>"; };
		281DFC0EDF8BA42AC74D4A98 /* Pods_cryptocurrency_app.framework */ = {isa = PBXFileReference; explicitFileType = wrapper.framework; includeInIndex = 0; path = Pods_cryptocurrency_app.framework; sourceTree = BUILT_PRODUCTS_DIR; };
		48913751EA204DC0C7ED475C /* Pods-cryptocurrency appUITests.release.xcconfig */ = {isa = PBXFileReference; includeInIndex = 1; lastKnownFileType = text.xcconfig; name = "Pods-cryptocurrency appUITests.release.xcconfig"; path = "Pods/Target Support Files/Pods-cryptocurrency appUITests/Pods-cryptocurrency appUITests.release.xcconfig"; sourceTree = "<group>"; };
		50B5881DBC48D522D84F2929 /* Pods-cryptocurrency appTests.release.xcconfig */ = {isa = PBXFileReference; includeInIndex = 1; lastKnownFileType = text.xcconfig; name = "Pods-cryptocurrency appTests.release.xcconfig"; path = "Pods/Target Support Files/Pods-cryptocurrency appTests/Pods-cryptocurrency appTests.release.xcconfig"; sourceTree = "<group>"; };
		62A0A7914A9180014A9234A9 /* Pods_cryptocurrency_appUITests.framework */ = {isa = PBXFileReference; explicitFileType = wrapper.framework; includeInIndex = 0; path = Pods_cryptocurrency_appUITests.framework; sourceTree = BUILT_PRODUCTS_DIR; };
		94E128D786DF78B6DECA2344 /* Pods-cryptocurrency app.debug.xcconfig */ = {isa = PBXFileReference; includeInIndex = 1; lastKnownFileType = text.xcconfig; name = "Pods-cryptocurrency app.debug.xcconfig"; path = "Pods/Target Support Files/Pods-cryptocurrency app/Pods-cryptocurrency app.debug.xcconfig"; sourceTree = "<group>"; };
		D6DDB026DA2FAC83F63E5FC7 /* Pods_cryptocurrency_appTests.framework */ = {isa = PBXFileReference; explicitFileType = wrapper.framework; includeInIndex = 0; path = Pods_cryptocurrency_appTests.framework; sourceTree = BUILT_PRODUCTS_DIR; };
		DB286E004C0670A9C883F01C /* Pods-cryptocurrency appTests.debug.xcconfig */ = {isa = PBXFileReference; includeInIndex = 1; lastKnownFileType = text.xcconfig; name = "Pods-cryptocurrency appTests.debug.xcconfig"; path = "Pods/Target Support Files/Pods-cryptocurrency appTests/Pods-cryptocurrency appTests.debug.xcconfig"; sourceTree = "<group>"; };
		FD458F3100CAE7CCC6D25AFF /* Pods-cryptocurrency appUITests.debug.xcconfig */ = {isa = PBXFileReference; includeInIndex = 1; lastKnownFileType = text.xcconfig; name = "Pods-cryptocurrency appUITests.debug.xcconfig"; path = "Pods/Target Support Files/Pods-cryptocurrency appUITests/Pods-cryptocurrency appUITests.debug.xcconfig"; sourceTree = "<group>"; };
/* End PBXFileReference section */

/* Begin PBXFrameworksBuildPhase section */
		2477CC681FFD5AD700F4C42C /* Frameworks */ = {
			isa = PBXFrameworksBuildPhase;
			buildActionMask = 2147483647;
			files = (
				A63E95288315F86DD60E6217 /* Pods_cryptocurrency_app.framework in Frameworks */,
			);
			runOnlyForDeploymentPostprocessing = 0;
		};
		2477CC7C1FFD5AD800F4C42C /* Frameworks */ = {
			isa = PBXFrameworksBuildPhase;
			buildActionMask = 2147483647;
			files = (
				5BA99C1554892DEB7085022D /* Pods_cryptocurrency_appTests.framework in Frameworks */,
			);
			runOnlyForDeploymentPostprocessing = 0;
		};
		2477CC871FFD5AD800F4C42C /* Frameworks */ = {
			isa = PBXFrameworksBuildPhase;
			buildActionMask = 2147483647;
			files = (
				F7FD4D5A68B437536FCF1E0F /* Pods_cryptocurrency_appUITests.framework in Frameworks */,
			);
			runOnlyForDeploymentPostprocessing = 0;
		};
/* End PBXFrameworksBuildPhase section */

/* Begin PBXGroup section */
		0872C67EAF62A3086960C025 /* Pods */ = {
			isa = PBXGroup;
			children = (
				94E128D786DF78B6DECA2344 /* Pods-cryptocurrency app.debug.xcconfig */,
				14B61A180E58DFFF2A6551A3 /* Pods-cryptocurrency app.release.xcconfig */,
				DB286E004C0670A9C883F01C /* Pods-cryptocurrency appTests.debug.xcconfig */,
				50B5881DBC48D522D84F2929 /* Pods-cryptocurrency appTests.release.xcconfig */,
				FD458F3100CAE7CCC6D25AFF /* Pods-cryptocurrency appUITests.debug.xcconfig */,
				48913751EA204DC0C7ED475C /* Pods-cryptocurrency appUITests.release.xcconfig */,
			);
			name = Pods;
			sourceTree = "<group>";
		};
		1191485490C0C1F6B2478159 /* Frameworks */ = {
			isa = PBXGroup;
			children = (
				281DFC0EDF8BA42AC74D4A98 /* Pods_cryptocurrency_app.framework */,
				D6DDB026DA2FAC83F63E5FC7 /* Pods_cryptocurrency_appTests.framework */,
				62A0A7914A9180014A9234A9 /* Pods_cryptocurrency_appUITests.framework */,
			);
			name = Frameworks;
			sourceTree = "<group>";
		};
		2477CC621FFD5AD700F4C42C = {
			isa = PBXGroup;
			children = (
				2477CC6D1FFD5AD700F4C42C /* cryptocurrency app */,
				2477CC821FFD5AD800F4C42C /* cryptocurrency appTests */,
				2477CC8D1FFD5AD800F4C42C /* cryptocurrency appUITests */,
				2477CC6C1FFD5AD700F4C42C /* Products */,
				0872C67EAF62A3086960C025 /* Pods */,
				1191485490C0C1F6B2478159 /* Frameworks */,
			);
			sourceTree = "<group>";
		};
		2477CC6C1FFD5AD700F4C42C /* Products */ = {
			isa = PBXGroup;
			children = (
				2477CC6B1FFD5AD700F4C42C /* cryptocurrency app.app */,
				2477CC7F1FFD5AD800F4C42C /* cryptocurrency appTests.xctest */,
				2477CC8A1FFD5AD800F4C42C /* cryptocurrency appUITests.xctest */,
			);
			name = Products;
			sourceTree = "<group>";
		};
		2477CC6D1FFD5AD700F4C42C /* cryptocurrency app */ = {
			isa = PBXGroup;
			children = (
				24CC3FDE2197B97B00936986 /* Extensions */,
				2477CCA51FFE7D3E00F4C42C /* Networking */,
				2477CCA21FFD5EAC00F4C42C /* Views */,
				2477CCA11FFD5EA400F4C42C /* Controllers */,
				2477CCA01FFD5E9E00F4C42C /* Models */,
				2477CC6E1FFD5AD700F4C42C /* AppDelegate.swift */,
				2477CC751FFD5AD700F4C42C /* Assets.xcassets */,
				2477CC771FFD5AD700F4C42C /* LaunchScreen.storyboard */,
				2477CC7A1FFD5AD700F4C42C /* Info.plist */,
			);
			path = "cryptocurrency app";
			sourceTree = "<group>";
		};
		2477CC821FFD5AD800F4C42C /* cryptocurrency appTests */ = {
			isa = PBXGroup;
			children = (
				2477CC831FFD5AD800F4C42C /* cryptocurrency_appTests.swift */,
				2477CC851FFD5AD800F4C42C /* Info.plist */,
			);
			path = "cryptocurrency appTests";
			sourceTree = "<group>";
		};
		2477CC8D1FFD5AD800F4C42C /* cryptocurrency appUITests */ = {
			isa = PBXGroup;
			children = (
				2477CC8E1FFD5AD800F4C42C /* cryptocurrency_appUITests.swift */,
				2477CC901FFD5AD800F4C42C /* Info.plist */,
			);
			path = "cryptocurrency appUITests";
			sourceTree = "<group>";
		};
		2477CCA01FFD5E9E00F4C42C /* Models */ = {
			isa = PBXGroup;
			children = (
				2477CCA31FFD5EBC00F4C42C /* Coin.swift */,
				242F57A9202CCDB800060E9F /* CoinData.swift */,
			);
			path = Models;
			sourceTree = "<group>";
		};
		2477CCA11FFD5EA400F4C42C /* Controllers */ = {
			isa = PBXGroup;
			children = (
				2477CC9E1FFD5DEE00F4C42C /* HomeScreenTableViewController.swift */,
				2477CCAA2004F06600F4C42C /* CoinViewController.swift */,
			);
			path = Controllers;
			sourceTree = "<group>";
		};
		2477CCA21FFD5EAC00F4C42C /* Views */ = {
			isa = PBXGroup;
			children = (
				2477CCA81FFE93D400F4C42C /* CoinCell.swift */,
			);
			path = Views;
			sourceTree = "<group>";
		};
		2477CCA51FFE7D3E00F4C42C /* Networking */ = {
			isa = PBXGroup;
			children = (
				2477CCA61FFE7D5400F4C42C /* QueryService.swift */,
			);
			path = Networking;
			sourceTree = "<group>";
		};
		24CC3FDE2197B97B00936986 /* Extensions */ = {
			isa = PBXGroup;
			children = (
				24CC3FDF2197DF8E00936986 /* UIImage+loadFromURL.swift */,
			);
			path = Extensions;
			sourceTree = "<group>";
		};
/* End PBXGroup section */

/* Begin PBXNativeTarget section */
		2477CC6A1FFD5AD700F4C42C /* cryptocurrency app */ = {
			isa = PBXNativeTarget;
			buildConfigurationList = 2477CC931FFD5AD800F4C42C /* Build configuration list for PBXNativeTarget "cryptocurrency app" */;
			buildPhases = (
				9AB6236527369623AC50A621 /* [CP] Check Pods Manifest.lock */,
				2477CC671FFD5AD700F4C42C /* Sources */,
				2477CC681FFD5AD700F4C42C /* Frameworks */,
				2477CC691FFD5AD700F4C42C /* Resources */,
				16DF073DD7ADE32EEDC17FD3 /* [CP] Embed Pods Frameworks */,
				511B7C4BEC2FAF5AD7D905C5 /* [CP] Copy Pods Resources */,
			);
			buildRules = (
			);
			dependencies = (
			);
			name = "cryptocurrency app";
			productName = "cryptocurrency app";
			productReference = 2477CC6B1FFD5AD700F4C42C /* cryptocurrency app.app */;
			productType = "com.apple.product-type.application";
		};
		2477CC7E1FFD5AD800F4C42C /* cryptocurrency appTests */ = {
			isa = PBXNativeTarget;
			buildConfigurationList = 2477CC961FFD5AD800F4C42C /* Build configuration list for PBXNativeTarget "cryptocurrency appTests" */;
			buildPhases = (
				A94EB1FD8FD9C1DA9DEAC137 /* [CP] Check Pods Manifest.lock */,
				2477CC7B1FFD5AD800F4C42C /* Sources */,
				2477CC7C1FFD5AD800F4C42C /* Frameworks */,
				2477CC7D1FFD5AD800F4C42C /* Resources */,
				BBEEEF22169693494C1E5979 /* [CP] Embed Pods Frameworks */,
				A720FBF5C35E99070C02F8B9 /* [CP] Copy Pods Resources */,
			);
			buildRules = (
			);
			dependencies = (
				2477CC811FFD5AD800F4C42C /* PBXTargetDependency */,
			);
			name = "cryptocurrency appTests";
			productName = "cryptocurrency appTests";
			productReference = 2477CC7F1FFD5AD800F4C42C /* cryptocurrency appTests.xctest */;
			productType = "com.apple.product-type.bundle.unit-test";
		};
		2477CC891FFD5AD800F4C42C /* cryptocurrency appUITests */ = {
			isa = PBXNativeTarget;
			buildConfigurationList = 2477CC991FFD5AD800F4C42C /* Build configuration list for PBXNativeTarget "cryptocurrency appUITests" */;
			buildPhases = (
				3FF46733C31327301FC72C7D /* [CP] Check Pods Manifest.lock */,
				2477CC861FFD5AD800F4C42C /* Sources */,
				2477CC871FFD5AD800F4C42C /* Frameworks */,
				2477CC881FFD5AD800F4C42C /* Resources */,
				E2D77A7FC4339D978970CF70 /* [CP] Embed Pods Frameworks */,
				E2EC6AD66537725DFB9D07D7 /* [CP] Copy Pods Resources */,
			);
			buildRules = (
			);
			dependencies = (
				2477CC8C1FFD5AD800F4C42C /* PBXTargetDependency */,
			);
			name = "cryptocurrency appUITests";
			productName = "cryptocurrency appUITests";
			productReference = 2477CC8A1FFD5AD800F4C42C /* cryptocurrency appUITests.xctest */;
			productType = "com.apple.product-type.bundle.ui-testing";
		};
/* End PBXNativeTarget section */

/* Begin PBXProject section */
		2477CC631FFD5AD700F4C42C /* Project object */ = {
			isa = PBXProject;
			attributes = {
				LastSwiftUpdateCheck = 0920;
				LastUpgradeCheck = 0920;
				ORGANIZATIONNAME = "Grady Jenkins";
				TargetAttributes = {
					2477CC6A1FFD5AD700F4C42C = {
						CreatedOnToolsVersion = 9.2;
						ProvisioningStyle = Automatic;
					};
					2477CC7E1FFD5AD800F4C42C = {
						CreatedOnToolsVersion = 9.2;
						ProvisioningStyle = Automatic;
						TestTargetID = 2477CC6A1FFD5AD700F4C42C;
					};
					2477CC891FFD5AD800F4C42C = {
						CreatedOnToolsVersion = 9.2;
						ProvisioningStyle = Automatic;
						TestTargetID = 2477CC6A1FFD5AD700F4C42C;
					};
				};
			};
			buildConfigurationList = 2477CC661FFD5AD700F4C42C /* Build configuration list for PBXProject "cryptocurrency app" */;
			compatibilityVersion = "Xcode 8.0";
			developmentRegion = en;
			hasScannedForEncodings = 0;
			knownRegions = (
				en,
				Base,
			);
			mainGroup = 2477CC621FFD5AD700F4C42C;
			productRefGroup = 2477CC6C1FFD5AD700F4C42C /* Products */;
			projectDirPath = "";
			projectRoot = "";
			targets = (
				2477CC6A1FFD5AD700F4C42C /* cryptocurrency app */,
				2477CC7E1FFD5AD800F4C42C /* cryptocurrency appTests */,
				2477CC891FFD5AD800F4C42C /* cryptocurrency appUITests */,
			);
		};
/* End PBXProject section */

/* Begin PBXResourcesBuildPhase section */
		2477CC691FFD5AD700F4C42C /* Resources */ = {
			isa = PBXResourcesBuildPhase;
			buildActionMask = 2147483647;
			files = (
				2477CC791FFD5AD700F4C42C /* LaunchScreen.storyboard in Resources */,
				2477CC761FFD5AD700F4C42C /* Assets.xcassets in Resources */,
			);
			runOnlyForDeploymentPostprocessing = 0;
		};
		2477CC7D1FFD5AD800F4C42C /* Resources */ = {
			isa = PBXResourcesBuildPhase;
			buildActionMask = 2147483647;
			files = (
			);
			runOnlyForDeploymentPostprocessing = 0;
		};
		2477CC881FFD5AD800F4C42C /* Resources */ = {
			isa = PBXResourcesBuildPhase;
			buildActionMask = 2147483647;
			files = (
			);
			runOnlyForDeploymentPostprocessing = 0;
		};
/* End PBXResourcesBuildPhase section */

/* Begin PBXShellScriptBuildPhase section */
		16DF073DD7ADE32EEDC17FD3 /* [CP] Embed Pods Frameworks */ = {
			isa = PBXShellScriptBuildPhase;
			buildActionMask = 2147483647;
			files = (
			);
			inputPaths = (
			);
			name = "[CP] Embed Pods Frameworks";
			outputPaths = (
			);
			runOnlyForDeploymentPostprocessing = 0;
			shellPath = /bin/sh;
			shellScript = "\"${SRCROOT}/Pods/Target Support Files/Pods-cryptocurrency app/Pods-cryptocurrency app-frameworks.sh\"\n";
			showEnvVarsInLog = 0;
		};
		3FF46733C31327301FC72C7D /* [CP] Check Pods Manifest.lock */ = {
			isa = PBXShellScriptBuildPhase;
			buildActionMask = 2147483647;
			files = (
			);
			inputPaths = (
			);
			name = "[CP] Check Pods Manifest.lock";
			outputPaths = (
			);
			runOnlyForDeploymentPostprocessing = 0;
			shellPath = /bin/sh;
			shellScript = "diff \"${PODS_ROOT}/../Podfile.lock\" \"${PODS_ROOT}/Manifest.lock\" > /dev/null\nif [ $? != 0 ] ; then\n    # print error to STDERR\n    echo \"error: The sandbox is not in sync with the Podfile.lock. Run 'pod install' or update your CocoaPods installation.\" >&2\n    exit 1\nfi\n";
			showEnvVarsInLog = 0;
		};
		511B7C4BEC2FAF5AD7D905C5 /* [CP] Copy Pods Resources */ = {
			isa = PBXShellScriptBuildPhase;
			buildActionMask = 2147483647;
			files = (
			);
			inputPaths = (
			);
			name = "[CP] Copy Pods Resources";
			outputPaths = (
			);
			runOnlyForDeploymentPostprocessing = 0;
			shellPath = /bin/sh;
			shellScript = "\"${SRCROOT}/Pods/Target Support Files/Pods-cryptocurrency app/Pods-cryptocurrency app-resources.sh\"\n";
			showEnvVarsInLog = 0;
		};
		9AB6236527369623AC50A621 /* [CP] Check Pods Manifest.lock */ = {
			isa = PBXShellScriptBuildPhase;
			buildActionMask = 2147483647;
			files = (
			);
			inputPaths = (
			);
			name = "[CP] Check Pods Manifest.lock";
			outputPaths = (
			);
			runOnlyForDeploymentPostprocessing = 0;
			shellPath = /bin/sh;
			shellScript = "diff \"${PODS_ROOT}/../Podfile.lock\" \"${PODS_ROOT}/Manifest.lock\" > /dev/null\nif [ $? != 0 ] ; then\n    # print error to STDERR\n    echo \"error: The sandbox is not in sync with the Podfile.lock. Run 'pod install' or update your CocoaPods installation.\" >&2\n    exit 1\nfi\n";
			showEnvVarsInLog = 0;
		};
		A720FBF5C35E99070C02F8B9 /* [CP] Copy Pods Resources */ = {
			isa = PBXShellScriptBuildPhase;
			buildActionMask = 2147483647;
			files = (
			);
			inputPaths = (
			);
			name = "[CP] Copy Pods Resources";
			outputPaths = (
			);
			runOnlyForDeploymentPostprocessing = 0;
			shellPath = /bin/sh;
			shellScript = "\"${SRCROOT}/Pods/Target Support Files/Pods-cryptocurrency appTests/Pods-cryptocurrency appTests-resources.sh\"\n";
			showEnvVarsInLog = 0;
		};
		A94EB1FD8FD9C1DA9DEAC137 /* [CP] Check Pods Manifest.lock */ = {
			isa = PBXShellScriptBuildPhase;
			buildActionMask = 2147483647;
			files = (
			);
			inputPaths = (
			);
			name = "[CP] Check Pods Manifest.lock";
			outputPaths = (
			);
			runOnlyForDeploymentPostprocessing = 0;
			shellPath = /bin/sh;
			shellScript = "diff \"${PODS_ROOT}/../Podfile.lock\" \"${PODS_ROOT}/Manifest.lock\" > /dev/null\nif [ $? != 0 ] ; then\n    # print error to STDERR\n    echo \"error: The sandbox is not in sync with the Podfile.lock. Run 'pod install' or update your CocoaPods installation.\" >&2\n    exit 1\nfi\n";
			showEnvVarsInLog = 0;
		};
		BBEEEF22169693494C1E5979 /* [CP] Embed Pods Frameworks */ = {
			isa = PBXShellScriptBuildPhase;
			buildActionMask = 2147483647;
			files = (
			);
			inputPaths = (
			);
			name = "[CP] Embed Pods Frameworks";
			outputPaths = (
			);
			runOnlyForDeploymentPostprocessing = 0;
			shellPath = /bin/sh;
			shellScript = "\"${SRCROOT}/Pods/Target Support Files/Pods-cryptocurrency appTests/Pods-cryptocurrency appTests-frameworks.sh\"\n";
			showEnvVarsInLog = 0;
		};
		E2D77A7FC4339D978970CF70 /* [CP] Embed Pods Frameworks */ = {
			isa = PBXShellScriptBuildPhase;
			buildActionMask = 2147483647;
			files = (
			);
			inputPaths = (
			);
			name = "[CP] Embed Pods Frameworks";
			outputPaths = (
			);
			runOnlyForDeploymentPostprocessing = 0;
			shellPath = /bin/sh;
			shellScript = "\"${SRCROOT}/Pods/Target Support Files/Pods-cryptocurrency appUITests/Pods-cryptocurrency appUITests-frameworks.sh\"\n";
			showEnvVarsInLog = 0;
		};
		E2EC6AD66537725DFB9D07D7 /* [CP] Copy Pods Resources */ = {
			isa = PBXShellScriptBuildPhase;
			buildActionMask = 2147483647;
			files = (
			);
			inputPaths = (
			);
			name = "[CP] Copy Pods Resources";
			outputPaths = (
			);
			runOnlyForDeploymentPostprocessing = 0;
			shellPath = /bin/sh;
			shellScript = "\"${SRCROOT}/Pods/Target Support Files/Pods-cryptocurrency appUITests/Pods-cryptocurrency appUITests-resources.sh\"\n";
			showEnvVarsInLog = 0;
		};
/* End PBXShellScriptBuildPhase section */

/* Begin PBXSourcesBuildPhase section */
		2477CC671FFD5AD700F4C42C /* Sources */ = {
			isa = PBXSourcesBuildPhase;
			buildActionMask = 2147483647;
			files = (
				242F57AA202CCDB800060E9F /* CoinData.swift in Sources */,
				2477CCA71FFE7D5400F4C42C /* QueryService.swift in Sources */,
				2477CCA91FFE93D400F4C42C /* CoinCell.swift in Sources */,
				2477CCA41FFD5EBC00F4C42C /* Coin.swift in Sources */,
				2477CCAB2004F06600F4C42C /* CoinViewController.swift in Sources */,
				2477CC9F1FFD5DEE00F4C42C /* HomeScreenTableViewController.swift in Sources */,
				2477CC6F1FFD5AD700F4C42C /* AppDelegate.swift in Sources */,
				24CC3FE02197DF8E00936986 /* UIImage+loadFromURL.swift in Sources */,
			);
			runOnlyForDeploymentPostprocessing = 0;
		};
		2477CC7B1FFD5AD800F4C42C /* Sources */ = {
			isa = PBXSourcesBuildPhase;
			buildActionMask = 2147483647;
			files = (
				2477CC841FFD5AD800F4C42C /* cryptocurrency_appTests.swift in Sources */,
			);
			runOnlyForDeploymentPostprocessing = 0;
		};
		2477CC861FFD5AD800F4C42C /* Sources */ = {
			isa = PBXSourcesBuildPhase;
			buildActionMask = 2147483647;
			files = (
				2477CC8F1FFD5AD800F4C42C /* cryptocurrency_appUITests.swift in Sources */,
			);
			runOnlyForDeploymentPostprocessing = 0;
		};
/* End PBXSourcesBuildPhase section */

/* Begin PBXTargetDependency section */
		2477CC811FFD5AD800F4C42C /* PBXTargetDependency */ = {
			isa = PBXTargetDependency;
			target = 2477CC6A1FFD5AD700F4C42C /* cryptocurrency app */;
			targetProxy = 2477CC801FFD5AD800F4C42C /* PBXContainerItemProxy */;
		};
		2477CC8C1FFD5AD800F4C42C /* PBXTargetDependency */ = {
			isa = PBXTargetDependency;
			target = 2477CC6A1FFD5AD700F4C42C /* cryptocurrency app */;
			targetProxy = 2477CC8B1FFD5AD800F4C42C /* PBXContainerItemProxy */;
		};
/* End PBXTargetDependency section */

/* Begin PBXVariantGroup section */
		2477CC771FFD5AD700F4C42C /* LaunchScreen.storyboard */ = {
			isa = PBXVariantGroup;
			children = (
				2477CC781FFD5AD700F4C42C /* Base */,
			);
			name = LaunchScreen.storyboard;
			sourceTree = "<group>";
		};
/* End PBXVariantGroup section */

/* Begin XCBuildConfiguration section */
		2477CC911FFD5AD800F4C42C /* Debug */ = {
			isa = XCBuildConfiguration;
			buildSettings = {
				ALWAYS_SEARCH_USER_PATHS = NO;
				CLANG_ANALYZER_NONNULL = YES;
				CLANG_ANALYZER_NUMBER_OBJECT_CONVERSION = YES_AGGRESSIVE;
				CLANG_CXX_LANGUAGE_STANDARD = "gnu++14";
				CLANG_CXX_LIBRARY = "libc++";
				CLANG_ENABLE_MODULES = YES;
				CLANG_ENABLE_OBJC_ARC = YES;
				CLANG_WARN_BLOCK_CAPTURE_AUTORELEASING = YES;
				CLANG_WARN_BOOL_CONVERSION = YES;
				CLANG_WARN_COMMA = YES;
				CLANG_WARN_CONSTANT_CONVERSION = YES;
				CLANG_WARN_DIRECT_OBJC_ISA_USAGE = YES_ERROR;
				CLANG_WARN_DOCUMENTATION_COMMENTS = YES;
				CLANG_WARN_EMPTY_BODY = YES;
				CLANG_WARN_ENUM_CONVERSION = YES;
				CLANG_WARN_INFINITE_RECURSION = YES;
				CLANG_WARN_INT_CONVERSION = YES;
				CLANG_WARN_NON_LITERAL_NULL_CONVERSION = YES;
				CLANG_WARN_OBJC_LITERAL_CONVERSION = YES;
				CLANG_WARN_OBJC_ROOT_CLASS = YES_ERROR;
				CLANG_WARN_RANGE_LOOP_ANALYSIS = YES;
				CLANG_WARN_STRICT_PROTOTYPES = YES;
				CLANG_WARN_SUSPICIOUS_MOVE = YES;
				CLANG_WARN_UNGUARDED_AVAILABILITY = YES_AGGRESSIVE;
				CLANG_WARN_UNREACHABLE_CODE = YES;
				CLANG_WARN__DUPLICATE_METHOD_MATCH = YES;
				CODE_SIGN_IDENTITY = "iPhone Developer";
				COPY_PHASE_STRIP = NO;
				DEBUG_INFORMATION_FORMAT = dwarf;
				ENABLE_STRICT_OBJC_MSGSEND = YES;
				ENABLE_TESTABILITY = YES;
				GCC_C_LANGUAGE_STANDARD = gnu11;
				GCC_DYNAMIC_NO_PIC = NO;
				GCC_NO_COMMON_BLOCKS = YES;
				GCC_OPTIMIZATION_LEVEL = 0;
				GCC_PREPROCESSOR_DEFINITIONS = (
					"DEBUG=1",
					"$(inherited)",
				);
				GCC_WARN_64_TO_32_BIT_CONVERSION = YES;
				GCC_WARN_ABOUT_RETURN_TYPE = YES_ERROR;
				GCC_WARN_UNDECLARED_SELECTOR = YES;
				GCC_WARN_UNINITIALIZED_AUTOS = YES_AGGRESSIVE;
				GCC_WARN_UNUSED_FUNCTION = YES;
				GCC_WARN_UNUSED_VARIABLE = YES;
				IPHONEOS_DEPLOYMENT_TARGET = 11.2;
				MTL_ENABLE_DEBUG_INFO = YES;
				ONLY_ACTIVE_ARCH = YES;
				SDKROOT = iphoneos;
				SWIFT_ACTIVE_COMPILATION_CONDITIONS = DEBUG;
				SWIFT_OPTIMIZATION_LEVEL = "-Onone";
			};
			name = Debug;
		};
		2477CC921FFD5AD800F4C42C /* Release */ = {
			isa = XCBuildConfiguration;
			buildSettings = {
				ALWAYS_SEARCH_USER_PATHS = NO;
				CLANG_ANALYZER_NONNULL = YES;
				CLANG_ANALYZER_NUMBER_OBJECT_CONVERSION = YES_AGGRESSIVE;
				CLANG_CXX_LANGUAGE_STANDARD = "gnu++14";
				CLANG_CXX_LIBRARY = "libc++";
				CLANG_ENABLE_MODULES = YES;
				CLANG_ENABLE_OBJC_ARC = YES;
				CLANG_WARN_BLOCK_CAPTURE_AUTORELEASING = YES;
				CLANG_WARN_BOOL_CONVERSION = YES;
				CLANG_WARN_COMMA = YES;
				CLANG_WARN_CONSTANT_CONVERSION = YES;
				CLANG_WARN_DIRECT_OBJC_ISA_USAGE = YES_ERROR;
				CLANG_WARN_DOCUMENTATION_COMMENTS = YES;
				CLANG_WARN_EMPTY_BODY = YES;
				CLANG_WARN_ENUM_CONVERSION = YES;
				CLANG_WARN_INFINITE_RECURSION = YES;
				CLANG_WARN_INT_CONVERSION = YES;
				CLANG_WARN_NON_LITERAL_NULL_CONVERSION = YES;
				CLANG_WARN_OBJC_LITERAL_CONVERSION = YES;
				CLANG_WARN_OBJC_ROOT_CLASS = YES_ERROR;
				CLANG_WARN_RANGE_LOOP_ANALYSIS = YES;
				CLANG_WARN_STRICT_PROTOTYPES = YES;
				CLANG_WARN_SUSPICIOUS_MOVE = YES;
				CLANG_WARN_UNGUARDED_AVAILABILITY = YES_AGGRESSIVE;
				CLANG_WARN_UNREACHABLE_CODE = YES;
				CLANG_WARN__DUPLICATE_METHOD_MATCH = YES;
				CODE_SIGN_IDENTITY = "iPhone Developer";
				COPY_PHASE_STRIP = NO;
				DEBUG_INFORMATION_FORMAT = "dwarf-with-dsym";
				ENABLE_NS_ASSERTIONS = NO;
				ENABLE_STRICT_OBJC_MSGSEND = YES;
				GCC_C_LANGUAGE_STANDARD = gnu11;
				GCC_NO_COMMON_BLOCKS = YES;
				GCC_WARN_64_TO_32_BIT_CONVERSION = YES;
				GCC_WARN_ABOUT_RETURN_TYPE = YES_ERROR;
				GCC_WARN_UNDECLARED_SELECTOR = YES;
				GCC_WARN_UNINITIALIZED_AUTOS = YES_AGGRESSIVE;
				GCC_WARN_UNUSED_FUNCTION = YES;
				GCC_WARN_UNUSED_VARIABLE = YES;
				IPHONEOS_DEPLOYMENT_TARGET = 11.2;
				MTL_ENABLE_DEBUG_INFO = NO;
				SDKROOT = iphoneos;
				SWIFT_OPTIMIZATION_LEVEL = "-Owholemodule";
				VALIDATE_PRODUCT = YES;
			};
			name = Release;
		};
		2477CC941FFD5AD800F4C42C /* Debug */ = {
			isa = XCBuildConfiguration;
			baseConfigurationReference = 94E128D786DF78B6DECA2344 /* Pods-cryptocurrency app.debug.xcconfig */;
			buildSettings = {
				ASSETCATALOG_COMPILER_APPICON_NAME = AppIcon;
				CODE_SIGN_STYLE = Automatic;
				DEVELOPMENT_TEAM = WWL68JT8LB;
				INFOPLIST_FILE = "cryptocurrency app/Info.plist";
				LD_RUNPATH_SEARCH_PATHS = "$(inherited) @executable_path/Frameworks";
				PRODUCT_BUNDLE_IDENTIFIER = "com.gradyjenkins.cryptocurrency-app";
				PRODUCT_NAME = "$(TARGET_NAME)";
				SWIFT_VERSION = 4.0;
				TARGETED_DEVICE_FAMILY = "1,2";
			};
			name = Debug;
		};
		2477CC951FFD5AD800F4C42C /* Release */ = {
			isa = XCBuildConfiguration;
			baseConfigurationReference = 14B61A180E58DFFF2A6551A3 /* Pods-cryptocurrency app.release.xcconfig */;
			buildSettings = {
				ASSETCATALOG_COMPILER_APPICON_NAME = AppIcon;
				CODE_SIGN_STYLE = Automatic;
				DEVELOPMENT_TEAM = WWL68JT8LB;
				INFOPLIST_FILE = "cryptocurrency app/Info.plist";
				LD_RUNPATH_SEARCH_PATHS = "$(inherited) @executable_path/Frameworks";
				PRODUCT_BUNDLE_IDENTIFIER = "com.gradyjenkins.cryptocurrency-app";
				PRODUCT_NAME = "$(TARGET_NAME)";
				SWIFT_VERSION = 4.0;
				TARGETED_DEVICE_FAMILY = "1,2";
			};
			name = Release;
		};
		2477CC971FFD5AD800F4C42C /* Debug */ = {
			isa = XCBuildConfiguration;
			baseConfigurationReference = DB286E004C0670A9C883F01C /* Pods-cryptocurrency appTests.debug.xcconfig */;
			buildSettings = {
				ALWAYS_EMBED_SWIFT_STANDARD_LIBRARIES = YES;
				BUNDLE_LOADER = "$(TEST_HOST)";
				CODE_SIGN_STYLE = Automatic;
				INFOPLIST_FILE = "cryptocurrency appTests/Info.plist";
				LD_RUNPATH_SEARCH_PATHS = "$(inherited) @executable_path/Frameworks @loader_path/Frameworks";
				PRODUCT_BUNDLE_IDENTIFIER = "com.gradyjenkins.cryptocurrency-appTests";
				PRODUCT_NAME = "$(TARGET_NAME)";
				SWIFT_VERSION = 4.0;
				TARGETED_DEVICE_FAMILY = "1,2";
				TEST_HOST = "$(BUILT_PRODUCTS_DIR)/cryptocurrency app.app/cryptocurrency app";
			};
			name = Debug;
		};
		2477CC981FFD5AD800F4C42C /* Release */ = {
			isa = XCBuildConfiguration;
			baseConfigurationReference = 50B5881DBC48D522D84F2929 /* Pods-cryptocurrency appTests.release.xcconfig */;
			buildSettings = {
				ALWAYS_EMBED_SWIFT_STANDARD_LIBRARIES = YES;
				BUNDLE_LOADER = "$(TEST_HOST)";
				CODE_SIGN_STYLE = Automatic;
				INFOPLIST_FILE = "cryptocurrency appTests/Info.plist";
				LD_RUNPATH_SEARCH_PATHS = "$(inherited) @executable_path/Frameworks @loader_path/Frameworks";
				PRODUCT_BUNDLE_IDENTIFIER = "com.gradyjenkins.cryptocurrency-appTests";
				PRODUCT_NAME = "$(TARGET_NAME)";
				SWIFT_VERSION = 4.0;
				TARGETED_DEVICE_FAMILY = "1,2";
				TEST_HOST = "$(BUILT_PRODUCTS_DIR)/cryptocurrency app.app/cryptocurrency app";
			};
			name = Release;
		};
		2477CC9A1FFD5AD800F4C42C /* Debug */ = {
			isa = XCBuildConfiguration;
			baseConfigurationReference = FD458F3100CAE7CCC6D25AFF /* Pods-cryptocurrency appUITests.debug.xcconfig */;
			buildSettings = {
				ALWAYS_EMBED_SWIFT_STANDARD_LIBRARIES = YES;
				CODE_SIGN_STYLE = Automatic;
				INFOPLIST_FILE = "cryptocurrency appUITests/Info.plist";
				LD_RUNPATH_SEARCH_PATHS = "$(inherited) @executable_path/Frameworks @loader_path/Frameworks";
				PRODUCT_BUNDLE_IDENTIFIER = "com.gradyjenkins.cryptocurrency-appUITests";
				PRODUCT_NAME = "$(TARGET_NAME)";
				SWIFT_VERSION = 4.0;
				TARGETED_DEVICE_FAMILY = "1,2";
				TEST_TARGET_NAME = "cryptocurrency app";
			};
			name = Debug;
		};
		2477CC9B1FFD5AD800F4C42C /* Release */ = {
			isa = XCBuildConfiguration;
			baseConfigurationReference = 48913751EA204DC0C7ED475C /* Pods-cryptocurrency appUITests.release.xcconfig */;
			buildSettings = {
				ALWAYS_EMBED_SWIFT_STANDARD_LIBRARIES = YES;
				CODE_SIGN_STYLE = Automatic;
				INFOPLIST_FILE = "cryptocurrency appUITests/Info.plist";
				LD_RUNPATH_SEARCH_PATHS = "$(inherited) @executable_path/Frameworks @loader_path/Frameworks";
				PRODUCT_BUNDLE_IDENTIFIER = "com.gradyjenkins.cryptocurrency-appUITests";
				PRODUCT_NAME = "$(TARGET_NAME)";
				SWIFT_VERSION = 4.0;
				TARGETED_DEVICE_FAMILY = "1,2";
				TEST_TARGET_NAME = "cryptocurrency app";
			};
			name = Release;
		};
/* End XCBuildConfiguration section */

/* Begin XCConfigurationList section */
		2477CC661FFD5AD700F4C42C /* Build configuration list for PBXProject "cryptocurrency app" */ = {
			isa = XCConfigurationList;
			buildConfigurations = (
				2477CC911FFD5AD800F4C42C /* Debug */,
				2477CC921FFD5AD800F4C42C /* Release */,
			);
			defaultConfigurationIsVisible = 0;
			defaultConfigurationName = Release;
		};
		2477CC931FFD5AD800F4C42C /* Build configuration list for PBXNativeTarget "cryptocurrency app" */ = {
			isa = XCConfigurationList;
			buildConfigurations = (
				2477CC941FFD5AD800F4C42C /* Debug */,
				2477CC951FFD5AD800F4C42C /* Release */,
			);
			defaultConfigurationIsVisible = 0;
			defaultConfigurationName = Release;
		};
		2477CC961FFD5AD800F4C42C /* Build configuration list for PBXNativeTarget "cryptocurrency appTests" */ = {
			isa = XCConfigurationList;
			buildConfigurations = (
				2477CC971FFD5AD800F4C42C /* Debug */,
				2477CC981FFD5AD800F4C42C /* Release */,
			);
			defaultConfigurationIsVisible = 0;
			defaultConfigurationName = Release;
		};
		2477CC991FFD5AD800F4C42C /* Build configuration list for PBXNativeTarget "cryptocurrency appUITests" */ = {
			isa = XCConfigurationList;
			buildConfigurations = (
				2477CC9A1FFD5AD800F4C42C /* Debug */,
				2477CC9B1FFD5AD800F4C42C /* Release */,
			);
			defaultConfigurationIsVisible = 0;
			defaultConfigurationName = Release;
		};
/* End XCConfigurationList section */
	};
	rootObject = 2477CC631FFD5AD700F4C42C /* Project object */;
}
